# This file is automatically @generated by Poetry 2.1.3 and should not be changed by hand.

[[package]]
name = "casadi"
version = "3.7.1"
description = "CasADi -- framework for algorithmic differentiation and numeric optimization"
optional = false
python-versions = "*"
groups = ["main"]
files = [
    {file = "casadi-3.7.1-cp27-none-macosx_10_13_x86_64.macosx_10_13_intel.whl", hash = "sha256:cc429d3144a057fa8110217fd0b881e779c373640a5dd8511dfa0ec0e916a9d7"},
    {file = "casadi-3.7.1-cp27-none-manylinux1_i686.whl", hash = "sha256:2081aa1d329ed562a4ec014f7ac3bd9c9514ebc03a3b2b296f164b49f0189c13"},
    {file = "casadi-3.7.1-cp27-none-manylinux2010_x86_64.whl", hash = "sha256:924cc5b4f2c9e21adc795080aa6966bc16f9d1eab6988ffe9838f493ed2382bb"},
    {file = "casadi-3.7.1-cp27-none-win_amd64.whl", hash = "sha256:35c1305c9178d8b5526bd88d63bf038d22ec8121f8ec994e8ba00f9fd15e9e2e"},
    {file = "casadi-3.7.1-cp310-none-macosx_10_13_x86_64.macosx_10_13_intel.whl", hash = "sha256:28386e523ca6465da28beebaa700f511a5c11518bbc861c70996a84236605fca"},
    {file = "casadi-3.7.1-cp310-none-macosx_11_0_arm64.whl", hash = "sha256:728513cd91135e6841fadfad377032129ce856baf275460984a191d7b764be82"},
    {file = "casadi-3.7.1-cp310-none-manylinux2014_aarch64.whl", hash = "sha256:14c3ea8d0e8ce0edc51f582f55c5c5b7d6e27ad189d5f82d6d6e17bd1214bfd5"},
    {file = "casadi-3.7.1-cp310-none-manylinux2014_i686.whl", hash = "sha256:c83ea4ebca71174402adc124d19966dc502872f3b3a7576bf648bd366699021f"},
    {file = "casadi-3.7.1-cp310-none-manylinux2014_x86_64.whl", hash = "sha256:bea5111a7321598d7abc6d2a90139044bd2a708fe76b590b1ddd8fdf27d7f06b"},
    {file = "casadi-3.7.1-cp310-none-win_amd64.whl", hash = "sha256:ad43ac7e5172f695840e36e8caeb99bad6eafa4db554788a076e20f7454fad39"},
    {file = "casadi-3.7.1-cp311-none-macosx_10_13_x86_64.macosx_10_13_intel.whl", hash = "sha256:c13fafdff0cdf73392fe2002245befe7496b5ac99b70adb64babff0099068c8a"},
    {file = "casadi-3.7.1-cp311-none-macosx_11_0_arm64.whl", hash = "sha256:74d9c6bad3c7cb347494d52cc3e6faf3fbf3300046fab0e1ddc9439d3fd68486"},
    {file = "casadi-3.7.1-cp311-none-manylinux2014_aarch64.whl", hash = "sha256:6fbc0803e6c7ffb9ba9a41ba38e7c1dadee73835edbacacce3530343f078f3f9"},
    {file = "casadi-3.7.1-cp311-none-manylinux2014_i686.whl", hash = "sha256:38a16b0c7caff5297df91c7e3a65091824979367e6fc8e6eb0e5ab9f1f832af8"},
    {file = "casadi-3.7.1-cp311-none-manylinux2014_x86_64.whl", hash = "sha256:2dd75cc1b5ca8009586186e4a63e0cdd83a672bf308edc75ef84f9c896cd971d"},
    {file = "casadi-3.7.1-cp311-none-win_amd64.whl", hash = "sha256:3ab68c6dd621b5f150635bf06aa8e1697cae2fbe0137e9d47270c54d305c334c"},
    {file = "casadi-3.7.1-cp312-none-macosx_10_13_x86_64.macosx_10_13_intel.whl", hash = "sha256:4a29ae3212b0ae6931d439ca3bfa2ac279826e99c2c9a443704e84021933ab76"},
    {file = "casadi-3.7.1-cp312-none-macosx_11_0_arm64.whl", hash = "sha256:70edf1df3fc83401eb5a2f7053ae8394f4e612e61c2ad6de088e3d76d0ec845e"},
    {file = "casadi-3.7.1-cp312-none-manylinux2014_aarch64.whl", hash = "sha256:a1717bbd07a6eb98acddf5ea5da7e78a9b85b75dbabb55190cc6b0f2812ef39d"},
    {file = "casadi-3.7.1-cp312-none-manylinux2014_i686.whl", hash = "sha256:57ae29d16af0716ebc15d161bcf0bcd97d35631b10c0e80838290d249cac80d7"},
    {file = "casadi-3.7.1-cp312-none-manylinux2014_x86_64.whl", hash = "sha256:756f3d07d3414dc54f05ebec883ac3db6e307bfe661719d188340504b6bed420"},
    {file = "casadi-3.7.1-cp312-none-win_amd64.whl", hash = "sha256:b228fbcd1f41eb8d5405dbc1e0ecb780daf89808392706bb77fd2b240f8a437e"},
    {file = "casadi-3.7.1-cp313-none-macosx_10_13_x86_64.macosx_10_13_intel.whl", hash = "sha256:905568a85129a108454182f67e2ddde0f722300c39554d5287cb67f61bc28f77"},
    {file = "casadi-3.7.1-cp313-none-macosx_11_0_arm64.whl", hash = "sha256:47676392569d05ef0c0683ee51c9e9031a6bc006e084fc255ef6f9e913d22f92"},
    {file = "casadi-3.7.1-cp313-none-manylinux2014_aarch64.whl", hash = "sha256:6e226d360d07054b3c35d1f5bbc69e42d97a3b03c0e1e7fc912c482867cd198d"},
    {file = "casadi-3.7.1-cp313-none-manylinux2014_i686.whl", hash = "sha256:f3d6ca2ba0ffbac867c9453d1dc16d092a0d8d0facdaaffd6c9a6907378cfff3"},
    {file = "casadi-3.7.1-cp313-none-manylinux2014_x86_64.whl", hash = "sha256:4373a813b306e2a5d083e2fc583daa1f65ad6e0c47688194e54e4ee589fd133a"},
    {file = "casadi-3.7.1-cp313-none-win_amd64.whl", hash = "sha256:82624266c08a723176be21fa8502c25df2c8f835df01cd5a48670c03ecdbeb15"},
    {file = "casadi-3.7.1-cp36-none-macosx_10_13_x86_64.macosx_10_13_intel.whl", hash = "sha256:3b2a10b7d38b16ff7d3c092a148b3c7e886bf5cc44bbfdfc3f19737bd9a9d146"},
    {file = "casadi-3.7.1-cp36-none-manylinux2014_aarch64.whl", hash = "sha256:4c8691a176835cae121fe1c9b2f8df1e21bf781072faf1fec25afff3f31fbd10"},
    {file = "casadi-3.7.1-cp36-none-manylinux2014_i686.whl", hash = "sha256:69bd6f319682306b909cd7c867cecaa57d4cf5bbc8d12d18d50f9b222cc0a778"},
    {file = "casadi-3.7.1-cp36-none-manylinux2014_x86_64.whl", hash = "sha256:347f798fe23012dd7d6252c90b40f0789338211deac5265e5492db7802b06242"},
    {file = "casadi-3.7.1-cp36-none-win_amd64.whl", hash = "sha256:e79f60d4a47a1c537737b7a83f1e64d2fce6ae4021171a5416d12e046853c56b"},
    {file = "casadi-3.7.1-cp37-none-macosx_10_13_x86_64.macosx_10_13_intel.whl", hash = "sha256:8e80ce4105963c0314d7d91a31adc89dd5b879259163cb911aa466de011bc06f"},
    {file = "casadi-3.7.1-cp37-none-manylinux2014_aarch64.whl", hash = "sha256:9101a214179ddf52e08403336b75f836bc8534c478f20813891aad87fe4f7072"},
    {file = "casadi-3.7.1-cp37-none-manylinux2014_i686.whl", hash = "sha256:7e7dafdec9fb01eb81eec9f0f9ab7e8b9d6abf1a4da3859d0356f971e6616b2e"},
    {file = "casadi-3.7.1-cp37-none-manylinux2014_x86_64.whl", hash = "sha256:c8c58c4537c28283f9c6f83873d98d22ba191c98818f4efa935b4c9ad5135ffe"},
    {file = "casadi-3.7.1-cp37-none-win_amd64.whl", hash = "sha256:60d6de8f59459b92724d15e2ba25073aa35d628e582460fdb98db1336f752191"},
    {file = "casadi-3.7.1-cp38-none-macosx_10_13_x86_64.macosx_10_13_intel.whl", hash = "sha256:624b8d8fe7befe46c574ca560a2532b970e2535eceac4673b04c05d6cb14f7df"},
    {file = "casadi-3.7.1-cp38-none-macosx_11_0_arm64.whl", hash = "sha256:8bfc66434f27ef2e6dead726d511bf67f0ab8ee004cbb205bb5c4df89ced6c16"},
    {file = "casadi-3.7.1-cp38-none-manylinux2014_aarch64.whl", hash = "sha256:0cba2ec4d6907ced7eddda5405460622882ba3bd4a81c0a17b7c4c7081b0fcc7"},
    {file = "casadi-3.7.1-cp38-none-manylinux2014_i686.whl", hash = "sha256:1fc948c2f1c0dda1a16902ca0fb499d5053c2c97a5c0d68e08878f32818092de"},
    {file = "casadi-3.7.1-cp38-none-manylinux2014_x86_64.whl", hash = "sha256:adf71adb0b13b34ab10bfcdffd38f05f36fc74a48290b278567605fb50399215"},
    {file = "casadi-3.7.1-cp38-none-win_amd64.whl", hash = "sha256:f766ab5ac3aa206e856ac6e9457d1402f446eccc7521a4d90e8622b5b7c1cd6f"},
    {file = "casadi-3.7.1-cp39-none-macosx_10_13_x86_64.macosx_10_13_intel.whl", hash = "sha256:635c48880661c04f1c71df81e2129352a0d34804a5838fea13c74d75d4e98e2b"},
    {file = "casadi-3.7.1-cp39-none-macosx_11_0_arm64.whl", hash = "sha256:f4f5f840ea15d78e2cb4fcefe2cac5421df47a1759163fc86ad0fdf390122425"},
    {file = "casadi-3.7.1-cp39-none-manylinux2014_aarch64.whl", hash = "sha256:8b272e96aae5d7509292298e56d8bddaa334711c50195b45f05ccda01a91c6c2"},
    {file = "casadi-3.7.1-cp39-none-manylinux2014_i686.whl", hash = "sha256:de5daf2be5c6194e6f6169ee2140f7404dee12912945a10bb28dd33451727eff"},
    {file = "casadi-3.7.1-cp39-none-manylinux2014_x86_64.whl", hash = "sha256:de37d67a9138f8f8b2959faa77bbc8569abdd376180acd926d4c2856792d1a6f"},
    {file = "casadi-3.7.1-cp39-none-win_amd64.whl", hash = "sha256:459456fca006cc91132a84a08557f45704b06cc11fb04ae0431ae236bcab7091"},
    {file = "casadi-3.7.1.tar.gz", hash = "sha256:12577155cd3cd79ba162381bfed6add1541bc770ba3f1f1334e4eb159d9b39ba"},
]

[package.dependencies]
numpy = "*"

[[package]]
name = "numpy"
version = "2.2.6"
description = "Fundamental package for array computing in Python"
optional = false
python-versions = ">=3.10"
groups = ["main"]
files = [
    {file = "numpy-2.2.6-cp310-cp310-macosx_10_9_x86_64.whl", hash = "sha256:b412caa66f72040e6d268491a59f2c43bf03eb6c96dd8f0307829feb7fa2b6fb"},
    {file = "numpy-2.2.6-cp310-cp310-macosx_11_0_arm64.whl", hash = "sha256:8e41fd67c52b86603a91c1a505ebaef50b3314de0213461c7a6e99c9a3beff90"},
    {file = "numpy-2.2.6-cp310-cp310-macosx_14_0_arm64.whl", hash = "sha256:37e990a01ae6ec7fe7fa1c26c55ecb672dd98b19c3d0e1d1f326fa13cb38d163"},
    {file = "numpy-2.2.6-cp310-cp310-macosx_14_0_x86_64.whl", hash = "sha256:5a6429d4be8ca66d889b7cf70f536a397dc45ba6faeb5f8c5427935d9592e9cf"},
    {file = "numpy-2.2.6-cp310-cp310-manylinux_2_17_aarch64.manylinux2014_aarch64.whl", hash = "sha256:efd28d4e9cd7d7a8d39074a4d44c63eda73401580c5c76acda2ce969e0a38e83"},
    {file = "numpy-2.2.6-cp310-cp310-manylinux_2_17_x86_64.manylinux2014_x86_64.whl", hash = "sha256:fc7b73d02efb0e18c000e9ad8b83480dfcd5dfd11065997ed4c6747470ae8915"},
    {file = "numpy-2.2.6-cp310-cp310-musllinux_1_2_aarch64.whl", hash = "sha256:74d4531beb257d2c3f4b261bfb0fc09e0f9ebb8842d82a7b4209415896adc680"},
    {file = "numpy-2.2.6-cp310-cp310-musllinux_1_2_x86_64.whl", hash = "sha256:8fc377d995680230e83241d8a96def29f204b5782f371c532579b4f20607a289"},
    {file = "numpy-2.2.6-cp310-cp310-win32.whl", hash = "sha256:b093dd74e50a8cba3e873868d9e93a85b78e0daf2e98c6797566ad8044e8363d"},
    {file = "numpy-2.2.6-cp310-cp310-win_amd64.whl", hash = "sha256:f0fd6321b839904e15c46e0d257fdd101dd7f530fe03fd6359c1ea63738703f3"},
    {file = "numpy-2.2.6-cp311-cp311-macosx_10_9_x86_64.whl", hash = "sha256:f9f1adb22318e121c5c69a09142811a201ef17ab257a1e66ca3025065b7f53ae"},
    {file = "numpy-2.2.6-cp311-cp311-macosx_11_0_arm64.whl", hash = "sha256:c820a93b0255bc360f53eca31a0e676fd1101f673dda8da93454a12e23fc5f7a"},
    {file = "numpy-2.2.6-cp311-cp311-macosx_14_0_arm64.whl", hash = "sha256:3d70692235e759f260c3d837193090014aebdf026dfd167834bcba43e30c2a42"},
    {file = "numpy-2.2.6-cp311-cp311-macosx_14_0_x86_64.whl", hash = "sha256:481b49095335f8eed42e39e8041327c05b0f6f4780488f61286ed3c01368d491"},
    {file = "numpy-2.2.6-cp311-cp311-manylinux_2_17_aarch64.manylinux2014_aarch64.whl", hash = "sha256:b64d8d4d17135e00c8e346e0a738deb17e754230d7e0810ac5012750bbd85a5a"},
    {file = "numpy-2.2.6-cp311-cp311-manylinux_2_17_x86_64.manylinux2014_x86_64.whl", hash = "sha256:ba10f8411898fc418a521833e014a77d3ca01c15b0c6cdcce6a0d2897e6dbbdf"},
    {file = "numpy-2.2.6-cp311-cp311-musllinux_1_2_aarch64.whl", hash = "sha256:bd48227a919f1bafbdda0583705e547892342c26fb127219d60a5c36882609d1"},
    {file = "numpy-2.2.6-cp311-cp311-musllinux_1_2_x86_64.whl", hash = "sha256:9551a499bf125c1d4f9e250377c1ee2eddd02e01eac6644c080162c0c51778ab"},
    {file = "numpy-2.2.6-cp311-cp311-win32.whl", hash = "sha256:0678000bb9ac1475cd454c6b8c799206af8107e310843532b04d49649c717a47"},
    {file = "numpy-2.2.6-cp311-cp311-win_amd64.whl", hash = "sha256:e8213002e427c69c45a52bbd94163084025f533a55a59d6f9c5b820774ef3303"},
    {file = "numpy-2.2.6-cp312-cp312-macosx_10_13_x86_64.whl", hash = "sha256:41c5a21f4a04fa86436124d388f6ed60a9343a6f767fced1a8a71c3fbca038ff"},
    {file = "numpy-2.2.6-cp312-cp312-macosx_11_0_arm64.whl", hash = "sha256:de749064336d37e340f640b05f24e9e3dd678c57318c7289d222a8a2f543e90c"},
    {file = "numpy-2.2.6-cp312-cp312-macosx_14_0_arm64.whl", hash = "sha256:894b3a42502226a1cac872f840030665f33326fc3dac8e57c607905773cdcde3"},
    {file = "numpy-2.2.6-cp312-cp312-macosx_14_0_x86_64.whl", hash = "sha256:71594f7c51a18e728451bb50cc60a3ce4e6538822731b2933209a1f3614e9282"},
    {file = "numpy-2.2.6-cp312-cp312-manylinux_2_17_aarch64.manylinux2014_aarch64.whl", hash = "sha256:f2618db89be1b4e05f7a1a847a9c1c0abd63e63a1607d892dd54668dd92faf87"},
    {file = "numpy-2.2.6-cp312-cp312-manylinux_2_17_x86_64.manylinux2014_x86_64.whl", hash = "sha256:fd83c01228a688733f1ded5201c678f0c53ecc1006ffbc404db9f7a899ac6249"},
    {file = "numpy-2.2.6-cp312-cp312-musllinux_1_2_aarch64.whl", hash = "sha256:37c0ca431f82cd5fa716eca9506aefcabc247fb27ba69c5062a6d3ade8cf8f49"},
    {file = "numpy-2.2.6-cp312-cp312-musllinux_1_2_x86_64.whl", hash = "sha256:fe27749d33bb772c80dcd84ae7e8df2adc920ae8297400dabec45f0dedb3f6de"},
    {file = "numpy-2.2.6-cp312-cp312-win32.whl", hash = "sha256:4eeaae00d789f66c7a25ac5f34b71a7035bb474e679f410e5e1a94deb24cf2d4"},
    {file = "numpy-2.2.6-cp312-cp312-win_amd64.whl", hash = "sha256:c1f9540be57940698ed329904db803cf7a402f3fc200bfe599334c9bd84a40b2"},
    {file = "numpy-2.2.6-cp313-cp313-macosx_10_13_x86_64.whl", hash = "sha256:0811bb762109d9708cca4d0b13c4f67146e3c3b7cf8d34018c722adb2d957c84"},
    {file = "numpy-2.2.6-cp313-cp313-macosx_11_0_arm64.whl", hash = "sha256:287cc3162b6f01463ccd86be154f284d0893d2b3ed7292439ea97eafa8170e0b"},
    {file = "numpy-2.2.6-cp313-cp313-macosx_14_0_arm64.whl", hash = "sha256:f1372f041402e37e5e633e586f62aa53de2eac8d98cbfb822806ce4bbefcb74d"},
    {file = "numpy-2.2.6-cp313-cp313-macosx_14_0_x86_64.whl", hash = "sha256:55a4d33fa519660d69614a9fad433be87e5252f4b03850642f88993f7b2ca566"},
    {file = "numpy-2.2.6-cp313-cp313-manylinux_2_17_aarch64.manylinux2014_aarch64.whl", hash = "sha256:f92729c95468a2f4f15e9bb94c432a9229d0d50de67304399627a943201baa2f"},
    {file = "numpy-2.2.6-cp313-cp313-manylinux_2_17_x86_64.manylinux2014_x86_64.whl", hash = "sha256:1bc23a79bfabc5d056d106f9befb8d50c31ced2fbc70eedb8155aec74a45798f"},
    {file = "numpy-2.2.6-cp313-cp313-musllinux_1_2_aarch64.whl", hash = "sha256:e3143e4451880bed956e706a3220b4e5cf6172ef05fcc397f6f36a550b1dd868"},
    {file = "numpy-2.2.6-cp313-cp313-musllinux_1_2_x86_64.whl", hash = "sha256:b4f13750ce79751586ae2eb824ba7e1e8dba64784086c98cdbbcc6a42112ce0d"},
    {file = "numpy-2.2.6-cp313-cp313-win32.whl", hash = "sha256:5beb72339d9d4fa36522fc63802f469b13cdbe4fdab4a288f0c441b74272ebfd"},
    {file = "numpy-2.2.6-cp313-cp313-win_amd64.whl", hash = "sha256:b0544343a702fa80c95ad5d3d608ea3599dd54d4632df855e4c8d24eb6ecfa1c"},
    {file = "numpy-2.2.6-cp313-cp313t-macosx_10_13_x86_64.whl", hash = "sha256:0bca768cd85ae743b2affdc762d617eddf3bcf8724435498a1e80132d04879e6"},
    {file = "numpy-2.2.6-cp313-cp313t-macosx_11_0_arm64.whl", hash = "sha256:fc0c5673685c508a142ca65209b4e79ed6740a4ed6b2267dbba90f34b0b3cfda"},
    {file = "numpy-2.2.6-cp313-cp313t-macosx_14_0_arm64.whl", hash = "sha256:5bd4fc3ac8926b3819797a7c0e2631eb889b4118a9898c84f585a54d475b7e40"},
    {file = "numpy-2.2.6-cp313-cp313t-macosx_14_0_x86_64.whl", hash = "sha256:fee4236c876c4e8369388054d02d0e9bb84821feb1a64dd59e137e6511a551f8"},
    {file = "numpy-2.2.6-cp313-cp313t-manylinux_2_17_aarch64.manylinux2014_aarch64.whl", hash = "sha256:e1dda9c7e08dc141e0247a5b8f49cf05984955246a327d4c48bda16821947b2f"},
    {file = "numpy-2.2.6-cp313-cp313t-manylinux_2_17_x86_64.manylinux2014_x86_64.whl", hash = "sha256:f447e6acb680fd307f40d3da4852208af94afdfab89cf850986c3ca00562f4fa"},
    {file = "numpy-2.2.6-cp313-cp313t-musllinux_1_2_aarch64.whl", hash = "sha256:389d771b1623ec92636b0786bc4ae56abafad4a4c513d36a55dce14bd9ce8571"},
    {file = "numpy-2.2.6-cp313-cp313t-musllinux_1_2_x86_64.whl", hash = "sha256:8e9ace4a37db23421249ed236fdcdd457d671e25146786dfc96835cd951aa7c1"},
    {file = "numpy-2.2.6-cp313-cp313t-win32.whl", hash = "sha256:038613e9fb8c72b0a41f025a7e4c3f0b7a1b5d768ece4796b674c8f3fe13efff"},
    {file = "numpy-2.2.6-cp313-cp313t-win_amd64.whl", hash = "sha256:6031dd6dfecc0cf9f668681a37648373bddd6421fff6c66ec1624eed0180ee06"},
    {file = "numpy-2.2.6-pp310-pypy310_pp73-macosx_10_15_x86_64.whl", hash = "sha256:0b605b275d7bd0c640cad4e5d30fa701a8d59302e127e5f79138ad62762c3e3d"},
    {file = "numpy-2.2.6-pp310-pypy310_pp73-macosx_14_0_x86_64.whl", hash = "sha256:7befc596a7dc9da8a337f79802ee8adb30a552a94f792b9c9d18c840055907db"},
    {file = "numpy-2.2.6-pp310-pypy310_pp73-manylinux_2_17_x86_64.manylinux2014_x86_64.whl", hash = "sha256:ce47521a4754c8f4593837384bd3424880629f718d87c5d44f8ed763edd63543"},
    {file = "numpy-2.2.6-pp310-pypy310_pp73-win_amd64.whl", hash = "sha256:d042d24c90c41b54fd506da306759e06e568864df8ec17ccc17e9e884634fd00"},
    {file = "numpy-2.2.6.tar.gz", hash = "sha256:e29554e2bef54a90aa5cc07da6ce955accb83f21ab5de01a62c8478897b264fd"},
]

[metadata]
lock-version = "2.1"
python-versions = ">=3.10"
content-hash = "07948a7aff91c5e83174042758b30b6c2d3d0ab2f99b1e1ce930b4cdcf58946b"
