# This file is automatically @generated by Poetry 2.2.1 and should not be changed by hand.

[[package]]
name = "casadi"
version = "3.7.1"
description = "CasADi -- framework for algorithmic differentiation and numeric optimization"
optional = false
python-versions = "*"
groups = ["main"]
files = [
    {file = "casadi-3.7.1-cp27-none-macosx_10_13_x86_64.macosx_10_13_intel.whl", hash = "sha256:cc429d3144a057fa8110217fd0b881e779c373640a5dd8511dfa0ec0e916a9d7"},
    {file = "casadi-3.7.1-cp27-none-manylinux1_i686.whl", hash = "sha256:2081aa1d329ed562a4ec014f7ac3bd9c9514ebc03a3b2b296f164b49f0189c13"},
    {file = "casadi-3.7.1-cp27-none-manylinux2010_x86_64.whl", hash = "sha256:924cc5b4f2c9e21adc795080aa6966bc16f9d1eab6988ffe9838f493ed2382bb"},
    {file = "casadi-3.7.1-cp27-none-win_amd64.whl", hash = "sha256:35c1305c9178d8b5526bd88d63bf038d22ec8121f8ec994e8ba00f9fd15e9e2e"},
    {file = "casadi-3.7.1-cp310-none-macosx_10_13_x86_64.macosx_10_13_intel.whl", hash = "sha256:28386e523ca6465da28beebaa700f511a5c11518bbc861c70996a84236605fca"},
    {file = "casadi-3.7.1-cp310-none-macosx_11_0_arm64.whl", hash = "sha256:728513cd91135e6841fadfad377032129ce856baf275460984a191d7b764be82"},
    {file = "casadi-3.7.1-cp310-none-manylinux2014_aarch64.whl", hash = "sha256:14c3ea8d0e8ce0edc51f582f55c5c5b7d6e27ad189d5f82d6d6e17bd1214bfd5"},
    {file = "casadi-3.7.1-cp310-none-manylinux2014_i686.whl", hash = "sha256:c83ea4ebca71174402adc124d19966dc502872f3b3a7576bf648bd366699021f"},
    {file = "casadi-3.7.1-cp310-none-manylinux2014_x86_64.whl", hash = "sha256:bea5111a7321598d7abc6d2a90139044bd2a708fe76b590b1ddd8fdf27d7f06b"},
    {file = "casadi-3.7.1-cp310-none-win_amd64.whl", hash = "sha256:ad43ac7e5172f695840e36e8caeb99bad6eafa4db554788a076e20f7454fad39"},
    {file = "casadi-3.7.1-cp311-none-macosx_10_13_x86_64.macosx_10_13_intel.whl", hash = "sha256:c13fafdff0cdf73392fe2002245befe7496b5ac99b70adb64babff0099068c8a"},
    {file = "casadi-3.7.1-cp311-none-macosx_11_0_arm64.whl", hash = "sha256:74d9c6bad3c7cb347494d52cc3e6faf3fbf3300046fab0e1ddc9439d3fd68486"},
    {file = "casadi-3.7.1-cp311-none-manylinux2014_aarch64.whl", hash = "sha256:6fbc0803e6c7ffb9ba9a41ba38e7c1dadee73835edbacacce3530343f078f3f9"},
    {file = "casadi-3.7.1-cp311-none-manylinux2014_i686.whl", hash = "sha256:38a16b0c7caff5297df91c7e3a65091824979367e6fc8e6eb0e5ab9f1f832af8"},
    {file = "casadi-3.7.1-cp311-none-manylinux2014_x86_64.whl", hash = "sha256:2dd75cc1b5ca8009586186e4a63e0cdd83a672bf308edc75ef84f9c896cd971d"},
    {file = "casadi-3.7.1-cp311-none-win_amd64.whl", hash = "sha256:3ab68c6dd621b5f150635bf06aa8e1697cae2fbe0137e9d47270c54d305c334c"},
    {file = "casadi-3.7.1-cp312-none-macosx_10_13_x86_64.macosx_10_13_intel.whl", hash = "sha256:4a29ae3212b0ae6931d439ca3bfa2ac279826e99c2c9a443704e84021933ab76"},
    {file = "casadi-3.7.1-cp312-none-macosx_11_0_arm64.whl", hash = "sha256:70edf1df3fc83401eb5a2f7053ae8394f4e612e61c2ad6de088e3d76d0ec845e"},
    {file = "casadi-3.7.1-cp312-none-manylinux2014_aarch64.whl", hash = "sha256:a1717bbd07a6eb98acddf5ea5da7e78a9b85b75dbabb55190cc6b0f2812ef39d"},
    {file = "casadi-3.7.1-cp312-none-manylinux2014_i686.whl", hash = "sha256:57ae29d16af0716ebc15d161bcf0bcd97d35631b10c0e80838290d249cac80d7"},
    {file = "casadi-3.7.1-cp312-none-manylinux2014_x86_64.whl", hash = "sha256:756f3d07d3414dc54f05ebec883ac3db6e307bfe661719d188340504b6bed420"},
    {file = "casadi-3.7.1-cp312-none-win_amd64.whl", hash = "sha256:b228fbcd1f41eb8d5405dbc1e0ecb780daf89808392706bb77fd2b240f8a437e"},
    {file = "casadi-3.7.1-cp313-none-macosx_10_13_x86_64.macosx_10_13_intel.whl", hash = "sha256:905568a85129a108454182f67e2ddde0f722300c39554d5287cb67f61bc28f77"},
    {file = "casadi-3.7.1-cp313-none-macosx_11_0_arm64.whl", hash = "sha256:47676392569d05ef0c0683ee51c9e9031a6bc006e084fc255ef6f9e913d22f92"},
    {file = "casadi-3.7.1-cp313-none-manylinux2014_aarch64.whl", hash = "sha256:6e226d360d07054b3c35d1f5bbc69e42d97a3b03c0e1e7fc912c482867cd198d"},
    {file = "casadi-3.7.1-cp313-none-manylinux2014_i686.whl", hash = "sha256:f3d6ca2ba0ffbac867c9453d1dc16d092a0d8d0facdaaffd6c9a6907378cfff3"},
    {file = "casadi-3.7.1-cp313-none-manylinux2014_x86_64.whl", hash = "sha256:4373a813b306e2a5d083e2fc583daa1f65ad6e0c47688194e54e4ee589fd133a"},
    {file = "casadi-3.7.1-cp313-none-win_amd64.whl", hash = "sha256:82624266c08a723176be21fa8502c25df2c8f835df01cd5a48670c03ecdbeb15"},
    {file = "casadi-3.7.1-cp36-none-macosx_10_13_x86_64.macosx_10_13_intel.whl", hash = "sha256:3b2a10b7d38b16ff7d3c092a148b3c7e886bf5cc44bbfdfc3f19737bd9a9d146"},
    {file = "casadi-3.7.1-cp36-none-manylinux2014_aarch64.whl", hash = "sha256:4c8691a176835cae121fe1c9b2f8df1e21bf781072faf1fec25afff3f31fbd10"},
    {file = "casadi-3.7.1-cp36-none-manylinux2014_i686.whl", hash = "sha256:69bd6f319682306b909cd7c867cecaa57d4cf5bbc8d12d18d50f9b222cc0a778"},
    {file = "casadi-3.7.1-cp36-none-manylinux2014_x86_64.whl", hash = "sha256:347f798fe23012dd7d6252c90b40f0789338211deac5265e5492db7802b06242"},
    {file = "casadi-3.7.1-cp36-none-win_amd64.whl", hash = "sha256:e79f60d4a47a1c537737b7a83f1e64d2fce6ae4021171a5416d12e046853c56b"},
    {file = "casadi-3.7.1-cp37-none-macosx_10_13_x86_64.macosx_10_13_intel.whl", hash = "sha256:8e80ce4105963c0314d7d91a31adc89dd5b879259163cb911aa466de011bc06f"},
    {file = "casadi-3.7.1-cp37-none-manylinux2014_aarch64.whl", hash = "sha256:9101a214179ddf52e08403336b75f836bc8534c478f20813891aad87fe4f7072"},
    {file = "casadi-3.7.1-cp37-none-manylinux2014_i686.whl", hash = "sha256:7e7dafdec9fb01eb81eec9f0f9ab7e8b9d6abf1a4da3859d0356f971e6616b2e"},
    {file = "casadi-3.7.1-cp37-none-manylinux2014_x86_64.whl", hash = "sha256:c8c58c4537c28283f9c6f83873d98d22ba191c98818f4efa935b4c9ad5135ffe"},
    {file = "casadi-3.7.1-cp37-none-win_amd64.whl", hash = "sha256:60d6de8f59459b92724d15e2ba25073aa35d628e582460fdb98db1336f752191"},
    {file = "casadi-3.7.1-cp38-none-macosx_10_13_x86_64.macosx_10_13_intel.whl", hash = "sha256:624b8d8fe7befe46c574ca560a2532b970e2535eceac4673b04c05d6cb14f7df"},
    {file = "casadi-3.7.1-cp38-none-macosx_11_0_arm64.whl", hash = "sha256:8bfc66434f27ef2e6dead726d511bf67f0ab8ee004cbb205bb5c4df89ced6c16"},
    {file = "casadi-3.7.1-cp38-none-manylinux2014_aarch64.whl", hash = "sha256:0cba2ec4d6907ced7eddda5405460622882ba3bd4a81c0a17b7c4c7081b0fcc7"},
    {file = "casadi-3.7.1-cp38-none-manylinux2014_i686.whl", hash = "sha256:1fc948c2f1c0dda1a16902ca0fb499d5053c2c97a5c0d68e08878f32818092de"},
    {file = "casadi-3.7.1-cp38-none-manylinux2014_x86_64.whl", hash = "sha256:adf71adb0b13b34ab10bfcdffd38f05f36fc74a48290b278567605fb50399215"},
    {file = "casadi-3.7.1-cp38-none-win_amd64.whl", hash = "sha256:f766ab5ac3aa206e856ac6e9457d1402f446eccc7521a4d90e8622b5b7c1cd6f"},
    {file = "casadi-3.7.1-cp39-none-macosx_10_13_x86_64.macosx_10_13_intel.whl", hash = "sha256:635c48880661c04f1c71df81e2129352a0d34804a5838fea13c74d75d4e98e2b"},
    {file = "casadi-3.7.1-cp39-none-macosx_11_0_arm64.whl", hash = "sha256:f4f5f840ea15d78e2cb4fcefe2cac5421df47a1759163fc86ad0fdf390122425"},
    {file = "casadi-3.7.1-cp39-none-manylinux2014_aarch64.whl", hash = "sha256:8b272e96aae5d7509292298e56d8bddaa334711c50195b45f05ccda01a91c6c2"},
    {file = "casadi-3.7.1-cp39-none-manylinux2014_i686.whl", hash = "sha256:de5daf2be5c6194e6f6169ee2140f7404dee12912945a10bb28dd33451727eff"},
    {file = "casadi-3.7.1-cp39-none-manylinux2014_x86_64.whl", hash = "sha256:de37d67a9138f8f8b2959faa77bbc8569abdd376180acd926d4c2856792d1a6f"},
    {file = "casadi-3.7.1-cp39-none-win_amd64.whl", hash = "sha256:459456fca006cc91132a84a08557f45704b06cc11fb04ae0431ae236bcab7091"},
    {file = "casadi-3.7.1.tar.gz", hash = "sha256:12577155cd3cd79ba162381bfed6add1541bc770ba3f1f1334e4eb159d9b39ba"},
]

[package.dependencies]
numpy = "*"

[[package]]
name = "future-fstrings"
version = "1.2.0"
description = "A backport of fstrings to python<3.6"
optional = false
python-versions = ">=2.7, !=3.0.*, !=3.1.*, !=3.2.*, !=3.3.*"
groups = ["main"]
files = [
    {file = "future_fstrings-1.2.0-py2.py3-none-any.whl", hash = "sha256:90e49598b553d8746c4dc7d9442e0359d038c3039d802c91c0a55505da318c63"},
    {file = "future_fstrings-1.2.0.tar.gz", hash = "sha256:6cf41cbe97c398ab5a81168ce0dbb8ad95862d3caf23c21e4430627b90844089"},
]

[package.extras]
rewrite = ["tokenize-rt (>=3)"]

[[package]]
name = "numpy"
version = "1.26.4"
description = "Fundamental package for array computing in Python"
optional = false
python-versions = ">=3.9"
groups = ["main"]
files = [
    {file = "numpy-1.26.4-cp310-cp310-macosx_10_9_x86_64.whl", hash = "sha256:9ff0f4f29c51e2803569d7a51c2304de5554655a60c5d776e35b4a41413830d0"},
    {file = "numpy-1.26.4-cp310-cp310-macosx_11_0_arm64.whl", hash = "sha256:2e4ee3380d6de9c9ec04745830fd9e2eccb3e6cf790d39d7b98ffd19b0dd754a"},
    {file = "numpy-1.26.4-cp310-cp310-manylinux_2_17_aarch64.manylinux2014_aarch64.whl", hash = "sha256:d209d8969599b27ad20994c8e41936ee0964e6da07478d6c35016bc386b66ad4"},
    {file = "numpy-1.26.4-cp310-cp310-manylinux_2_17_x86_64.manylinux2014_x86_64.whl", hash = "sha256:ffa75af20b44f8dba823498024771d5ac50620e6915abac414251bd971b4529f"},
    {file = "numpy-1.26.4-cp310-cp310-musllinux_1_1_aarch64.whl", hash = "sha256:62b8e4b1e28009ef2846b4c7852046736bab361f7aeadeb6a5b89ebec3c7055a"},
    {file = "numpy-1.26.4-cp310-cp310-musllinux_1_1_x86_64.whl", hash = "sha256:a4abb4f9001ad2858e7ac189089c42178fcce737e4169dc61321660f1a96c7d2"},
    {file = "numpy-1.26.4-cp310-cp310-win32.whl", hash = "sha256:bfe25acf8b437eb2a8b2d49d443800a5f18508cd811fea3181723922a8a82b07"},
    {file = "numpy-1.26.4-cp310-cp310-win_amd64.whl", hash = "sha256:b97fe8060236edf3662adfc2c633f56a08ae30560c56310562cb4f95500022d5"},
    {file = "numpy-1.26.4-cp311-cp311-macosx_10_9_x86_64.whl", hash = "sha256:4c66707fabe114439db9068ee468c26bbdf909cac0fb58686a42a24de1760c71"},
    {file = "numpy-1.26.4-cp311-cp311-macosx_11_0_arm64.whl", hash = "sha256:edd8b5fe47dab091176d21bb6de568acdd906d1887a4584a15a9a96a1dca06ef"},
    {file = "numpy-1.26.4-cp311-cp311-manylinux_2_17_aarch64.manylinux2014_aarch64.whl", hash = "sha256:7ab55401287bfec946ced39700c053796e7cc0e3acbef09993a9ad2adba6ca6e"},
    {file = "numpy-1.26.4-cp311-cp311-manylinux_2_17_x86_64.manylinux2014_x86_64.whl", hash = "sha256:666dbfb6ec68962c033a450943ded891bed2d54e6755e35e5835d63f4f6931d5"},
    {file = "numpy-1.26.4-cp311-cp311-musllinux_1_1_aarch64.whl", hash = "sha256:96ff0b2ad353d8f990b63294c8986f1ec3cb19d749234014f4e7eb0112ceba5a"},
    {file = "numpy-1.26.4-cp311-cp311-musllinux_1_1_x86_64.whl", hash = "sha256:60dedbb91afcbfdc9bc0b1f3f402804070deed7392c23eb7a7f07fa857868e8a"},
    {file = "numpy-1.26.4-cp311-cp311-win32.whl", hash = "sha256:1af303d6b2210eb850fcf03064d364652b7120803a0b872f5211f5234b399f20"},
    {file = "numpy-1.26.4-cp311-cp311-win_amd64.whl", hash = "sha256:cd25bcecc4974d09257ffcd1f098ee778f7834c3ad767fe5db785be9a4aa9cb2"},
    {file = "numpy-1.26.4-cp312-cp312-macosx_10_9_x86_64.whl", hash = "sha256:b3ce300f3644fb06443ee2222c2201dd3a89ea6040541412b8fa189341847218"},
    {file = "numpy-1.26.4-cp312-cp312-macosx_11_0_arm64.whl", hash = "sha256:03a8c78d01d9781b28a6989f6fa1bb2c4f2d51201cf99d3dd875df6fbd96b23b"},
    {file = "numpy-1.26.4-cp312-cp312-manylinux_2_17_aarch64.manylinux2014_aarch64.whl", hash = "sha256:9fad7dcb1aac3c7f0584a5a8133e3a43eeb2fe127f47e3632d43d677c66c102b"},
    {file = "numpy-1.26.4-cp312-cp312-manylinux_2_17_x86_64.manylinux2014_x86_64.whl", hash = "sha256:675d61ffbfa78604709862923189bad94014bef562cc35cf61d3a07bba02a7ed"},
    {file = "numpy-1.26.4-cp312-cp312-musllinux_1_1_aarch64.whl", hash = "sha256:ab47dbe5cc8210f55aa58e4805fe224dac469cde56b9f731a4c098b91917159a"},
    {file = "numpy-1.26.4-cp312-cp312-musllinux_1_1_x86_64.whl", hash = "sha256:1dda2e7b4ec9dd512f84935c5f126c8bd8b9f2fc001e9f54af255e8c5f16b0e0"},
    {file = "numpy-1.26.4-cp312-cp312-win32.whl", hash = "sha256:50193e430acfc1346175fcbdaa28ffec49947a06918b7b92130744e81e640110"},
    {file = "numpy-1.26.4-cp312-cp312-win_amd64.whl", hash = "sha256:08beddf13648eb95f8d867350f6a018a4be2e5ad54c8d8caed89ebca558b2818"},
    {file = "numpy-1.26.4-cp39-cp39-macosx_10_9_x86_64.whl", hash = "sha256:7349ab0fa0c429c82442a27a9673fc802ffdb7c7775fad780226cb234965e53c"},
    {file = "numpy-1.26.4-cp39-cp39-macosx_11_0_arm64.whl", hash = "sha256:52b8b60467cd7dd1e9ed082188b4e6bb35aa5cdd01777621a1658910745b90be"},
    {file = "numpy-1.26.4-cp39-cp39-manylinux_2_17_aarch64.manylinux2014_aarch64.whl", hash = "sha256:d5241e0a80d808d70546c697135da2c613f30e28251ff8307eb72ba696945764"},
    {file = "numpy-1.26.4-cp39-cp39-manylinux_2_17_x86_64.manylinux2014_x86_64.whl", hash = "sha256:f870204a840a60da0b12273ef34f7051e98c3b5961b61b0c2c1be6dfd64fbcd3"},
    {file = "numpy-1.26.4-cp39-cp39-musllinux_1_1_aarch64.whl", hash = "sha256:679b0076f67ecc0138fd2ede3a8fd196dddc2ad3254069bcb9faf9a79b1cebcd"},
    {file = "numpy-1.26.4-cp39-cp39-musllinux_1_1_x86_64.whl", hash = "sha256:47711010ad8555514b434df65f7d7b076bb8261df1ca9bb78f53d3b2db02e95c"},
    {file = "numpy-1.26.4-cp39-cp39-win32.whl", hash = "sha256:a354325ee03388678242a4d7ebcd08b5c727033fcff3b2f536aea978e15ee9e6"},
    {file = "numpy-1.26.4-cp39-cp39-win_amd64.whl", hash = "sha256:3373d5d70a5fe74a2c1bb6d2cfd9609ecf686d47a2d7b1d37a8f3b6bf6003aea"},
    {file = "numpy-1.26.4-pp39-pypy39_pp73-macosx_10_9_x86_64.whl", hash = "sha256:afedb719a9dcfc7eaf2287b839d8198e06dcd4cb5d276a3df279231138e83d30"},
    {file = "numpy-1.26.4-pp39-pypy39_pp73-manylinux_2_17_x86_64.manylinux2014_x86_64.whl", hash = "sha256:95a7476c59002f2f6c590b9b7b998306fba6a5aa646b1e22ddfeaf8f78c3a29c"},
    {file = "numpy-1.26.4-pp39-pypy39_pp73-win_amd64.whl", hash = "sha256:7e50d0a0cc3189f9cb0aeb3a6a6af18c16f59f004b866cd2be1c14b36134a4a0"},
    {file = "numpy-1.26.4.tar.gz", hash = "sha256:2a02aba9ed12e4ac4eb3ea9421c420301a0c6460d9830d74a9df87efa4912010"},
]

[metadata]
lock-version = "2.1"
python-versions = ">=3.10"
content-hash = "234002ad6e941c858ea361505b732f3ddad51fb1f5ac54580bf0c2c91d0f28dd"
